# This file is autogenerated, do not edit; changes may be undone by the next 'dep ensure'.


[[projects]]
  name = "github.com/fsnotify/fsnotify"
  packages = ["."]
  revision = "c2828203cd70a50dcccfb2761f8b1f8ceef9a8e9"
  version = "v1.4.7"

[[projects]]
  branch = "master"
  name = "github.com/logrusorgru/aurora"
  packages = ["."]
  revision = "d694e6f975a9109e2b063829d563a7c153c4b53c"

[[projects]]
  branch = "master"
  name = "github.com/monochromegane/go-gitignore"
  packages = ["."]
  revision = "38717d0a108ca0e5af632cd6845ca77d45b50729"

[[projects]]
  branch = "master"
  name = "golang.org/x/sys"
  packages = ["unix"]
  revision = "7db1c3b1a98089d0071c84f646ff5c96aad43682"

[[projects]]
  name = "gopkg.in/yaml.v2"
  packages = ["."]
  revision = "5420a8b6744d3b0345ab293f6fcba19c978f1183"
  version = "v2.2.1"

[solve-meta]
  analyzer-name = "dep"
  analyzer-version = 1
  inputs-digest = "47487b42daa0ca057ae6bfdc59e53315fb5cc6d2a30821c35776623636c8380a"
  solver-name = "gps-cdcl"
  solver-version = 1
